
Microsoft Visual Studio Solution File, Format Version 12.00
Project("{FAE04EC0-301F-11D3-BF4B-00C04F79EFBC}") = "Sandbox", "src\Sandbox\Sandbox.csproj", "{F2C5B447-6C5A-4F7D-AFED-09B2D0C0FE33}"
EndProject
Project("{FAE04EC0-301F-11D3-BF4B-00C04F79EFBC}") = "Sandbox.Tests", "tests\Sandbox.Tests\Sandbox.Tests.csproj", "{C465C365-D59D-40E9-8587-743017A7069D}"
EndProject
Project("{FAE04EC0-301F-11D3-BF4B-00C04F79EFBC}") = "Sandbox.Benchmark", "benchmark\Sandbox.Benchmark\Sandbox.Benchmark.csproj", "{9613EAF6-D7B7-435B-B184-741049DB925F}"
EndProject
Global
	GlobalSection(SolutionConfigurationPlatforms) = preSolution
		Debug|Any CPU = Debug|Any CPU
		Release|Any CPU = Release|Any CPU
	EndGlobalSection
	GlobalSection(ProjectConfigurationPlatforms) = postSolution
		{F2C5B447-6C5A-4F7D-AFED-09B2D0C0FE33}.Debug|Any CPU.ActiveCfg = Debug|Any CPU
		{F2C5B447-6C5A-4F7D-AFED-09B2D0C0FE33}.Debug|Any CPU.Build.0 = Debug|Any CPU
		{F2C5B447-6C5A-4F7D-AFED-09B2D0C0FE33}.Release|Any CPU.ActiveCfg = Release|Any CPU
		{F2C5B447-6C5A-4F7D-AFED-09B2D0C0FE33}.Release|Any CPU.Build.0 = Release|Any CPU
		{C465C365-D59D-40E9-8587-743017A7069D}.Debug|Any CPU.ActiveCfg = Debug|Any CPU
		{C465C365-D59D-40E9-8587-743017A7069D}.Debug|Any CPU.Build.0 = Debug|Any CPU
		{C465C365-D59D-40E9-8587-743017A7069D}.Release|Any CPU.ActiveCfg = Release|Any CPU
		{C465C365-D59D-40E9-8587-743017A7069D}.Release|Any CPU.Build.0 = Release|Any CPU
		{9613EAF6-D7B7-435B-B184-741049DB925F}.Debug|Any CPU.ActiveCfg = Debug|Any CPU
		{9613EAF6-D7B7-435B-B184-741049DB925F}.Debug|Any CPU.Build.0 = Debug|Any CPU
		{9613EAF6-D7B7-435B-B184-741049DB925F}.Release|Any CPU.ActiveCfg = Release|Any CPU
		{9613EAF6-D7B7-435B-B184-741049DB925F}.Release|Any CPU.Build.0 = Release|Any CPU
	EndGlobalSection
EndGlobal
